
Microsoft Visual Studio Solution File, Format Version 12.00
# Visual Studio Version 17
VisualStudioVersion = 17.8.34309.116
MinimumVisualStudioVersion = 10.0.40219.1
Project("{FAE04EC0-301F-11D3-BF4B-00C04F79EFBC}") = "Menu", "Menu\Menu.csproj", "{743A6E30-096F-46DA-8478-DA098CA911A3}"
EndProject
Global
	GlobalSection(SolutionConfigurationPlatforms) = preSolution
		Debug|Any CPU = Debug|Any CPU
		Release|Any CPU = Release|Any CPU
	EndGlobalSection
	GlobalSection(ProjectConfigurationPlatforms) = postSolution
		{743A6E30-096F-46DA-8478-DA098CA911A3}.Debug|Any CPU.ActiveCfg = Debug|Any CPU
		{743A6E30-096F-46DA-8478-DA098CA911A3}.Debug|Any CPU.Build.0 = Debug|Any CPU
		{743A6E30-096F-46DA-8478-DA098CA911A3}.Release|Any CPU.ActiveCfg = Release|Any CPU
		{743A6E30-096F-46DA-8478-DA098CA911A3}.Release|Any CPU.Build.0 = Release|Any CPU
	EndGlobalSection
	GlobalSection(SolutionProperties) = preSolution
		HideSolutionNode = FALSE
	EndGlobalSection
	GlobalSection(ExtensibilityGlobals) = postSolution
		SolutionGuid = {ACAD7E7C-4B1C-4D24-BCA3-2AF2E1B95F7C}
	EndGlobalSection
EndGlobal
